// !$*UTF8*$!
{
	archiveVersion = 1;
	classes = {
	};
	objectVersion = 55;
	objects = {

/* Begin PBXBuildFile section */
		4F07145627CCCCC500FC37E3 /* ProfileManager.swift in Sources */ = {isa = PBXBuildFile; fileRef = 4F07145527CCCCC500FC37E3 /* ProfileManager.swift */; };
		4F07146F27CEC00600FC37E3 /* AccountSummaryViewControllerTests.swift in Sources */ = {isa = PBXBuildFile; fileRef = 4F07146E27CEC00600FC37E3 /* AccountSummaryViewControllerTests.swift */; };
		4F36A00627B3D89100BC5781 /* ShakeyBellView.swift in Sources */ = {isa = PBXBuildFile; fileRef = 4F36A00527B3D89100BC5781 /* ShakeyBellView.swift */; };
		4F450A2527AC8C0800B88E2C /* AppDelegate.swift in Sources */ = {isa = PBXBuildFile; fileRef = 4F450A2427AC8C0800B88E2C /* AppDelegate.swift */; };
		4F450A2927AC8C0800B88E2C /* LoginViewController.swift in Sources */ = {isa = PBXBuildFile; fileRef = 4F450A2827AC8C0800B88E2C /* LoginViewController.swift */; };
		4F450A2E27AC8C0E00B88E2C /* Assets.xcassets in Resources */ = {isa = PBXBuildFile; fileRef = 4F450A2D27AC8C0E00B88E2C /* Assets.xcassets */; };
		4F450A3127AC8C0E00B88E2C /* LaunchScreen.storyboard in Resources */ = {isa = PBXBuildFile; fileRef = 4F450A2F27AC8C0E00B88E2C /* LaunchScreen.storyboard */; };
		4F450A3B27AC928F00B88E2C /* LoginView.swift in Sources */ = {isa = PBXBuildFile; fileRef = 4F450A3A27AC928F00B88E2C /* LoginView.swift */; };
		4F450A3E27AD745100B88E2C /* OnboardingContainerViewController.swift in Sources */ = {isa = PBXBuildFile; fileRef = 4F450A3D27AD745100B88E2C /* OnboardingContainerViewController.swift */; };
		4F450A4027AD949500B88E2C /* OnboardingViewController.swift in Sources */ = {isa = PBXBuildFile; fileRef = 4F450A3F27AD949500B88E2C /* OnboardingViewController.swift */; };
		4F450A4227AEF32A00B88E2C /* DummyViewController.swift in Sources */ = {isa = PBXBuildFile; fileRef = 4F450A4127AEF32A00B88E2C /* DummyViewController.swift */; };
		4F450A4527AFCD9A00B88E2C /* LocalState.swift in Sources */ = {isa = PBXBuildFile; fileRef = 4F450A4427AFCD9A00B88E2C /* LocalState.swift */; };
		4F450A4727AFDBCF00B88E2C /* UIViewController+Utils.swift in Sources */ = {isa = PBXBuildFile; fileRef = 4F450A4627AFDBCF00B88E2C /* UIViewController+Utils.swift */; };
		4F450A4927AFE5CE00B88E2C /* MainViewController.swift in Sources */ = {isa = PBXBuildFile; fileRef = 4F450A4827AFE5CE00B88E2C /* MainViewController.swift */; };
		4F450A4C27B1038F00B88E2C /* AccountSummaryViewController.swift in Sources */ = {isa = PBXBuildFile; fileRef = 4F450A4B27B1038F00B88E2C /* AccountSummaryViewController.swift */; };
		4F450A4E27B119FB00B88E2C /* AccountSummaryHeaderView.swift in Sources */ = {isa = PBXBuildFile; fileRef = 4F450A4D27B119FB00B88E2C /* AccountSummaryHeaderView.swift */; };
		4F450A5027B11A1A00B88E2C /* AccountSummaryHeaderView.xib in Resources */ = {isa = PBXBuildFile; fileRef = 4F450A4F27B11A1A00B88E2C /* AccountSummaryHeaderView.xib */; };
		4F450A5427B12C1100B88E2C /* AccountSummaryCell.swift in Sources */ = {isa = PBXBuildFile; fileRef = 4F450A5327B12C1100B88E2C /* AccountSummaryCell.swift */; };
		4F56B64827B821CB00E3C697 /* Date+Utils.swift in Sources */ = {isa = PBXBuildFile; fileRef = 4F56B64727B821CB00E3C697 /* Date+Utils.swift */; };
		4F56B64A27B82D8200E3C697 /* AccountSummaryViewController+Networking.swift in Sources */ = {isa = PBXBuildFile; fileRef = 4F56B64927B82D8200E3C697 /* AccountSummaryViewController+Networking.swift */; };
		4F56B64E27B8767F00E3C697 /* ProfileTests.swift in Sources */ = {isa = PBXBuildFile; fileRef = 4F56B64D27B8767F00E3C697 /* ProfileTests.swift */; };
		4F56B65027B8782D00E3C697 /* AccountTests.swift in Sources */ = {isa = PBXBuildFile; fileRef = 4F56B64F27B8782D00E3C697 /* AccountTests.swift */; };
		4F56B65227BA636000E3C697 /* SkeletonLoadable.swift in Sources */ = {isa = PBXBuildFile; fileRef = 4F56B65127BA636000E3C697 /* SkeletonLoadable.swift */; };
		4F56B65427BA656100E3C697 /* SkeletonCell.swift in Sources */ = {isa = PBXBuildFile; fileRef = 4F56B65327BA656100E3C697 /* SkeletonCell.swift */; };
		4F5B353E27B28DD900D758FF /* DecimalUtils.swift in Sources */ = {isa = PBXBuildFile; fileRef = 4F5B353D27B28DD900D758FF /* DecimalUtils.swift */; };
		4F5B354027B2901A00D758FF /* CurrencyFormatter.swift in Sources */ = {isa = PBXBuildFile; fileRef = 4F5B353F27B2901A00D758FF /* CurrencyFormatter.swift */; };
		4F5B354F27B2B09200D758FF /* CurrencyFormatterTests.swift in Sources */ = {isa = PBXBuildFile; fileRef = 4F5B354E27B2B09200D758FF /* CurrencyFormatterTests.swift */; };
		4F5B355127B2E5B500D758FF /* NSNotificationName.swift in Sources */ = {isa = PBXBuildFile; fileRef = 4F5B355027B2E5B500D758FF /* NSNotificationName.swift */; };
		4F5B355327B2E92400D758FF /* UITextField+SecureToggle.swift in Sources */ = {isa = PBXBuildFile; fileRef = 4F5B355227B2E92400D758FF /* UITextField+SecureToggle.swift */; };
/* End PBXBuildFile section */

/* Begin PBXContainerItemProxy section */
		4F5B354927B2ADA800D758FF /* PBXContainerItemProxy */ = {
			isa = PBXContainerItemProxy;
			containerPortal = 4F450A1927AC8C0800B88E2C /* Project object */;
			proxyType = 1;
			remoteGlobalIDString = 4F450A2027AC8C0800B88E2C;
			remoteInfo = Bankey;
		};
/* End PBXContainerItemProxy section */

/* Begin PBXFileReference section */
		4F07145527CCCCC500FC37E3 /* ProfileManager.swift */ = {isa = PBXFileReference; lastKnownFileType = sourcecode.swift; path = ProfileManager.swift; sourceTree = "<group>"; };
		4F07146E27CEC00600FC37E3 /* AccountSummaryViewControllerTests.swift */ = {isa = PBXFileReference; lastKnownFileType = sourcecode.swift; path = AccountSummaryViewControllerTests.swift; sourceTree = "<group>"; };
		4F36A00527B3D89100BC5781 /* ShakeyBellView.swift */ = {isa = PBXFileReference; lastKnownFileType = sourcecode.swift; path = ShakeyBellView.swift; sourceTree = "<group>"; };
		4F450A2127AC8C0800B88E2C /* Bankey.app */ = {isa = PBXFileReference; explicitFileType = wrapper.application; includeInIndex = 0; path = Bankey.app; sourceTree = BUILT_PRODUCTS_DIR; };
		4F450A2427AC8C0800B88E2C /* AppDelegate.swift */ = {isa = PBXFileReference; lastKnownFileType = sourcecode.swift; path = AppDelegate.swift; sourceTree = "<group>"; };
		4F450A2827AC8C0800B88E2C /* LoginViewController.swift */ = {isa = PBXFileReference; lastKnownFileType = sourcecode.swift; path = LoginViewController.swift; sourceTree = "<group>"; };
		4F450A2D27AC8C0E00B88E2C /* Assets.xcassets */ = {isa = PBXFileReference; lastKnownFileType = folder.assetcatalog; path = Assets.xcassets; sourceTree = "<group>"; };
		4F450A3027AC8C0E00B88E2C /* Base */ = {isa = PBXFileReference; lastKnownFileType = file.storyboard; name = Base; path = Base.lproj/LaunchScreen.storyboard; sourceTree = "<group>"; };
		4F450A3227AC8C0E00B88E2C /* Info.plist */ = {isa = PBXFileReference; lastKnownFileType = text.plist.xml; path = Info.plist; sourceTree = "<group>"; };
		4F450A3A27AC928F00B88E2C /* LoginView.swift */ = {isa = PBXFileReference; lastKnownFileType = sourcecode.swift; path = LoginView.swift; sourceTree = "<group>"; };
		4F450A3D27AD745100B88E2C /* OnboardingContainerViewController.swift */ = {isa = PBXFileReference; lastKnownFileType = sourcecode.swift; path = OnboardingContainerViewController.swift; sourceTree = "<group>"; };
		4F450A3F27AD949500B88E2C /* OnboardingViewController.swift */ = {isa = PBXFileReference; lastKnownFileType = sourcecode.swift; path = OnboardingViewController.swift; sourceTree = "<group>"; };
		4F450A4127AEF32A00B88E2C /* DummyViewController.swift */ = {isa = PBXFileReference; lastKnownFileType = sourcecode.swift; path = DummyViewController.swift; sourceTree = "<group>"; };
		4F450A4427AFCD9A00B88E2C /* LocalState.swift */ = {isa = PBXFileReference; lastKnownFileType = sourcecode.swift; path = LocalState.swift; sourceTree = "<group>"; };
		4F450A4627AFDBCF00B88E2C /* UIViewController+Utils.swift */ = {isa = PBXFileReference; lastKnownFileType = sourcecode.swift; path = "UIViewController+Utils.swift"; sourceTree = "<group>"; };
		4F450A4827AFE5CE00B88E2C /* MainViewController.swift */ = {isa = PBXFileReference; lastKnownFileType = sourcecode.swift; path = MainViewController.swift; sourceTree = "<group>"; };
		4F450A4B27B1038F00B88E2C /* AccountSummaryViewController.swift */ = {isa = PBXFileReference; lastKnownFileType = sourcecode.swift; path = AccountSummaryViewController.swift; sourceTree = "<group>"; };
		4F450A4D27B119FB00B88E2C /* AccountSummaryHeaderView.swift */ = {isa = PBXFileReference; lastKnownFileType = sourcecode.swift; path = AccountSummaryHeaderView.swift; sourceTree = "<group>"; };
		4F450A4F27B11A1A00B88E2C /* AccountSummaryHeaderView.xib */ = {isa = PBXFileReference; lastKnownFileType = file.xib; path = AccountSummaryHeaderView.xib; sourceTree = "<group>"; };
		4F450A5327B12C1100B88E2C /* AccountSummaryCell.swift */ = {isa = PBXFileReference; lastKnownFileType = sourcecode.swift; path = AccountSummaryCell.swift; sourceTree = "<group>"; };
		4F56B64727B821CB00E3C697 /* Date+Utils.swift */ = {isa = PBXFileReference; lastKnownFileType = sourcecode.swift; path = "Date+Utils.swift"; sourceTree = "<group>"; };
		4F56B64927B82D8200E3C697 /* AccountSummaryViewController+Networking.swift */ = {isa = PBXFileReference; lastKnownFileType = sourcecode.swift; path = "AccountSummaryViewController+Networking.swift"; sourceTree = "<group>"; };
		4F56B64D27B8767F00E3C697 /* ProfileTests.swift */ = {isa = PBXFileReference; lastKnownFileType = sourcecode.swift; path = ProfileTests.swift; sourceTree = "<group>"; };
		4F56B64F27B8782D00E3C697 /* AccountTests.swift */ = {isa = PBXFileReference; lastKnownFileType = sourcecode.swift; path = AccountTests.swift; sourceTree = "<group>"; };
		4F56B65127BA636000E3C697 /* SkeletonLoadable.swift */ = {isa = PBXFileReference; lastKnownFileType = sourcecode.swift; path = SkeletonLoadable.swift; sourceTree = "<group>"; };
		4F56B65327BA656100E3C697 /* SkeletonCell.swift */ = {isa = PBXFileReference; lastKnownFileType = sourcecode.swift; path = SkeletonCell.swift; sourceTree = "<group>"; };
		4F5B353D27B28DD900D758FF /* DecimalUtils.swift */ = {isa = PBXFileReference; lastKnownFileType = sourcecode.swift; path = DecimalUtils.swift; sourceTree = "<group>"; };
		4F5B353F27B2901A00D758FF /* CurrencyFormatter.swift */ = {isa = PBXFileReference; lastKnownFileType = sourcecode.swift; path = CurrencyFormatter.swift; sourceTree = "<group>"; };
		4F5B354527B2ADA800D758FF /* BankeyUnitTests.xctest */ = {isa = PBXFileReference; explicitFileType = wrapper.cfbundle; includeInIndex = 0; path = BankeyUnitTests.xctest; sourceTree = BUILT_PRODUCTS_DIR; };
		4F5B354E27B2B09200D758FF /* CurrencyFormatterTests.swift */ = {isa = PBXFileReference; lastKnownFileType = sourcecode.swift; path = CurrencyFormatterTests.swift; sourceTree = "<group>"; };
		4F5B355027B2E5B500D758FF /* NSNotificationName.swift */ = {isa = PBXFileReference; lastKnownFileType = sourcecode.swift; path = NSNotificationName.swift; sourceTree = "<group>"; };
		4F5B355227B2E92400D758FF /* UITextField+SecureToggle.swift */ = {isa = PBXFileReference; lastKnownFileType = sourcecode.swift; path = "UITextField+SecureToggle.swift"; sourceTree = "<group>"; };
/* End PBXFileReference section */

/* Begin PBXFrameworksBuildPhase section */
		4F450A1E27AC8C0800B88E2C /* Frameworks */ = {
			isa = PBXFrameworksBuildPhase;
			buildActionMask = 2147483647;
			files = (
			);
			runOnlyForDeploymentPostprocessing = 0;
		};
		4F5B354227B2ADA800D758FF /* Frameworks */ = {
			isa = PBXFrameworksBuildPhase;
			buildActionMask = 2147483647;
			files = (
			);
			runOnlyForDeploymentPostprocessing = 0;
		};
/* End PBXFrameworksBuildPhase section */

/* Begin PBXGroup section */
		4F07145427CCCC9400FC37E3 /* Networking */ = {
			isa = PBXGroup;
			children = (
				4F07145527CCCCC500FC37E3 /* ProfileManager.swift */,
			);
			path = Networking;
			sourceTree = "<group>";
		};
		4F36A00727B3D89600BC5781 /* Components */ = {
			isa = PBXGroup;
			children = (
				4F36A00527B3D89100BC5781 /* ShakeyBellView.swift */,
			);
			path = Components;
			sourceTree = "<group>";
		};
		4F450A1827AC8C0800B88E2C = {
			isa = PBXGroup;
			children = (
				4F450A2327AC8C0800B88E2C /* Bankey */,
				4F5B354627B2ADA800D758FF /* BankeyUnitTests */,
				4F450A2227AC8C0800B88E2C /* Products */,
			);
			sourceTree = "<group>";
		};
		4F450A2227AC8C0800B88E2C /* Products */ = {
			isa = PBXGroup;
			children = (
				4F450A2127AC8C0800B88E2C /* Bankey.app */,
				4F5B354527B2ADA800D758FF /* BankeyUnitTests.xctest */,
			);
			name = Products;
			sourceTree = "<group>";
		};
		4F450A2327AC8C0800B88E2C /* Bankey */ = {
			isa = PBXGroup;
			children = (
				4F36A00727B3D89600BC5781 /* Components */,
				4F450A2427AC8C0800B88E2C /* AppDelegate.swift */,
				4F450A4827AFE5CE00B88E2C /* MainViewController.swift */,
				4F450A4A27B1035F00B88E2C /* AccountSummary */,
				4F450A3927AC921400B88E2C /* Login */,
				4F450A3C27AD73F800B88E2C /* Onboarding */,
				4F450A4327AFCD6000B88E2C /* Utilities */,
				4F450A3827AC919500B88E2C /* Supporting files */,
			);
			path = Bankey;
			sourceTree = "<group>";
		};
		4F450A3827AC919500B88E2C /* Supporting files */ = {
			isa = PBXGroup;
			children = (
				4F450A2D27AC8C0E00B88E2C /* Assets.xcassets */,
				4F450A2F27AC8C0E00B88E2C /* LaunchScreen.storyboard */,
				4F450A3227AC8C0E00B88E2C /* Info.plist */,
			);
			name = "Supporting files";
			sourceTree = "<group>";
		};
		4F450A3927AC921400B88E2C /* Login */ = {
			isa = PBXGroup;
			children = (
				4F450A2827AC8C0800B88E2C /* LoginViewController.swift */,
				4F450A3A27AC928F00B88E2C /* LoginView.swift */,
				4F450A4127AEF32A00B88E2C /* DummyViewController.swift */,
			);
			path = Login;
			sourceTree = "<group>";
		};
		4F450A3C27AD73F800B88E2C /* Onboarding */ = {
			isa = PBXGroup;
			children = (
				4F450A3D27AD745100B88E2C /* OnboardingContainerViewController.swift */,
				4F450A3F27AD949500B88E2C /* OnboardingViewController.swift */,
			);
			path = Onboarding;
			sourceTree = "<group>";
		};
		4F450A4327AFCD6000B88E2C /* Utilities */ = {
			isa = PBXGroup;
			children = (
				4F450A4427AFCD9A00B88E2C /* LocalState.swift */,
				4F450A4627AFDBCF00B88E2C /* UIViewController+Utils.swift */,
				4F5B353D27B28DD900D758FF /* DecimalUtils.swift */,
				4F5B353F27B2901A00D758FF /* CurrencyFormatter.swift */,
				4F5B355027B2E5B500D758FF /* NSNotificationName.swift */,
				4F5B355227B2E92400D758FF /* UITextField+SecureToggle.swift */,
				4F56B64727B821CB00E3C697 /* Date+Utils.swift */,
			);
			path = Utilities;
			sourceTree = "<group>";
		};
		4F450A4A27B1035F00B88E2C /* AccountSummary */ = {
			isa = PBXGroup;
			children = (
				4F07145427CCCC9400FC37E3 /* Networking */,
				4F450A4B27B1038F00B88E2C /* AccountSummaryViewController.swift */,
				4F56B64927B82D8200E3C697 /* AccountSummaryViewController+Networking.swift */,
				4F450A5127B12BDA00B88E2C /* Header */,
				4F450A5227B12BF200B88E2C /* Cells */,
			);
			path = AccountSummary;
			sourceTree = "<group>";
		};
		4F450A5127B12BDA00B88E2C /* Header */ = {
			isa = PBXGroup;
			children = (
				4F450A4D27B119FB00B88E2C /* AccountSummaryHeaderView.swift */,
				4F450A4F27B11A1A00B88E2C /* AccountSummaryHeaderView.xib */,
			);
			path = Header;
			sourceTree = "<group>";
		};
		4F450A5227B12BF200B88E2C /* Cells */ = {
			isa = PBXGroup;
			children = (
				4F450A5327B12C1100B88E2C /* AccountSummaryCell.swift */,
				4F56B65127BA636000E3C697 /* SkeletonLoadable.swift */,
				4F56B65327BA656100E3C697 /* SkeletonCell.swift */,
			);
			path = Cells;
			sourceTree = "<group>";
		};
		4F56B64B27B8763F00E3C697 /* Utils */ = {
			isa = PBXGroup;
			children = (
				4F5B354E27B2B09200D758FF /* CurrencyFormatterTests.swift */,
			);
			path = Utils;
			sourceTree = "<group>";
		};
		4F56B64C27B8764E00E3C697 /* AccountSummary */ = {
			isa = PBXGroup;
			children = (
				4F56B64D27B8767F00E3C697 /* ProfileTests.swift */,
				4F56B64F27B8782D00E3C697 /* AccountTests.swift */,
				4F07146E27CEC00600FC37E3 /* AccountSummaryViewControllerTests.swift */,
			);
			path = AccountSummary;
			sourceTree = "<group>";
		};
		4F5B354627B2ADA800D758FF /* BankeyUnitTests */ = {
			isa = PBXGroup;
			children = (
				4F56B64C27B8764E00E3C697 /* AccountSummary */,
				4F56B64B27B8763F00E3C697 /* Utils */,
			);
			path = BankeyUnitTests;
			sourceTree = "<group>";
		};
/* End PBXGroup section */

/* Begin PBXNativeTarget section */
		4F450A2027AC8C0800B88E2C /* Bankey */ = {
			isa = PBXNativeTarget;
			buildConfigurationList = 4F450A3527AC8C0E00B88E2C /* Build configuration list for PBXNativeTarget "Bankey" */;
			buildPhases = (
				4F450A1D27AC8C0800B88E2C /* Sources */,
				4F450A1E27AC8C0800B88E2C /* Frameworks */,
				4F450A1F27AC8C0800B88E2C /* Resources */,
			);
			buildRules = (
			);
			dependencies = (
			);
			name = Bankey;
			productName = Bankey;
			productReference = 4F450A2127AC8C0800B88E2C /* Bankey.app */;
			productType = "com.apple.product-type.application";
		};
		4F5B354427B2ADA800D758FF /* BankeyUnitTests */ = {
			isa = PBXNativeTarget;
			buildConfigurationList = 4F5B354B27B2ADA800D758FF /* Build configuration list for PBXNativeTarget "BankeyUnitTests" */;
			buildPhases = (
				4F5B354127B2ADA800D758FF /* Sources */,
				4F5B354227B2ADA800D758FF /* Frameworks */,
				4F5B354327B2ADA800D758FF /* Resources */,
			);
			buildRules = (
			);
			dependencies = (
				4F5B354A27B2ADA800D758FF /* PBXTargetDependency */,
			);
			name = BankeyUnitTests;
			productName = BankeyUnitTests;
			productReference = 4F5B354527B2ADA800D758FF /* BankeyUnitTests.xctest */;
			productType = "com.apple.product-type.bundle.unit-test";
		};
/* End PBXNativeTarget section */

/* Begin PBXProject section */
		4F450A1927AC8C0800B88E2C /* Project object */ = {
			isa = PBXProject;
			attributes = {
				BuildIndependentTargetsInParallel = 1;
				LastSwiftUpdateCheck = 1310;
				LastUpgradeCheck = 1310;
				TargetAttributes = {
					4F450A2027AC8C0800B88E2C = {
						CreatedOnToolsVersion = 13.1;
					};
					4F5B354427B2ADA800D758FF = {
						CreatedOnToolsVersion = 13.1;
						LastSwiftMigration = 1310;
						TestTargetID = 4F450A2027AC8C0800B88E2C;
					};
				};
			};
			buildConfigurationList = 4F450A1C27AC8C0800B88E2C /* Build configuration list for PBXProject "Bankey" */;
			compatibilityVersion = "Xcode 13.0";
			developmentRegion = en;
			hasScannedForEncodings = 0;
			knownRegions = (
				en,
				Base,
			);
			mainGroup = 4F450A1827AC8C0800B88E2C;
			productRefGroup = 4F450A2227AC8C0800B88E2C /* Products */;
			projectDirPath = "";
			projectRoot = "";
			targets = (
				4F450A2027AC8C0800B88E2C /* Bankey */,
				4F5B354427B2ADA800D758FF /* BankeyUnitTests */,
			);
		};
/* End PBXProject section */

/* Begin PBXResourcesBuildPhase section */
		4F450A1F27AC8C0800B88E2C /* Resources */ = {
			isa = PBXResourcesBuildPhase;
			buildActionMask = 2147483647;
			files = (
				4F450A5027B11A1A00B88E2C /* AccountSummaryHeaderView.xib in Resources */,
				4F450A3127AC8C0E00B88E2C /* LaunchScreen.storyboard in Resources */,
				4F450A2E27AC8C0E00B88E2C /* Assets.xcassets in Resources */,
			);
			runOnlyForDeploymentPostprocessing = 0;
		};
		4F5B354327B2ADA800D758FF /* Resources */ = {
			isa = PBXResourcesBuildPhase;
			buildActionMask = 2147483647;
			files = (
			);
			runOnlyForDeploymentPostprocessing = 0;
		};
/* End PBXResourcesBuildPhase section */

/* Begin PBXSourcesBuildPhase section */
		4F450A1D27AC8C0800B88E2C /* Sources */ = {
			isa = PBXSourcesBuildPhase;
			buildActionMask = 2147483647;
			files = (
				4F450A4727AFDBCF00B88E2C /* UIViewController+Utils.swift in Sources */,
				4F56B65427BA656100E3C697 /* SkeletonCell.swift in Sources */,
				4F56B64827B821CB00E3C697 /* Date+Utils.swift in Sources */,
				4F07145627CCCCC500FC37E3 /* ProfileManager.swift in Sources */,
				4F450A3B27AC928F00B88E2C /* LoginView.swift in Sources */,
				4F450A4527AFCD9A00B88E2C /* LocalState.swift in Sources */,
				4F450A4E27B119FB00B88E2C /* AccountSummaryHeaderView.swift in Sources */,
				4F5B355327B2E92400D758FF /* UITextField+SecureToggle.swift in Sources */,
				4F450A4227AEF32A00B88E2C /* DummyViewController.swift in Sources */,
				4F5B354027B2901A00D758FF /* CurrencyFormatter.swift in Sources */,
				4F5B353E27B28DD900D758FF /* DecimalUtils.swift in Sources */,
				4F5B355127B2E5B500D758FF /* NSNotificationName.swift in Sources */,
				4F450A2927AC8C0800B88E2C /* LoginViewController.swift in Sources */,
				4F36A00627B3D89100BC5781 /* ShakeyBellView.swift in Sources */,
				4F450A5427B12C1100B88E2C /* AccountSummaryCell.swift in Sources */,
				4F450A4027AD949500B88E2C /* OnboardingViewController.swift in Sources */,
				4F450A4927AFE5CE00B88E2C /* MainViewController.swift in Sources */,
				4F450A4C27B1038F00B88E2C /* AccountSummaryViewController.swift in Sources */,
				4F450A2527AC8C0800B88E2C /* AppDelegate.swift in Sources */,
				4F450A3E27AD745100B88E2C /* OnboardingContainerViewController.swift in Sources */,
				4F56B65227BA636000E3C697 /* SkeletonLoadable.swift in Sources */,
				4F56B64A27B82D8200E3C697 /* AccountSummaryViewController+Networking.swift in Sources */,
			);
			runOnlyForDeploymentPostprocessing = 0;
		};
		4F5B354127B2ADA800D758FF /* Sources */ = {
			isa = PBXSourcesBuildPhase;
			buildActionMask = 2147483647;
			files = (
				4F5B354F27B2B09200D758FF /* CurrencyFormatterTests.swift in Sources */,
				4F56B65027B8782D00E3C697 /* AccountTests.swift in Sources */,
				4F56B64E27B8767F00E3C697 /* ProfileTests.swift in Sources */,
				4F07146F27CEC00600FC37E3 /* AccountSummaryViewControllerTests.swift in Sources */,
			);
			runOnlyForDeploymentPostprocessing = 0;
		};
/* End PBXSourcesBuildPhase section */

/* Begin PBXTargetDependency section */
		4F5B354A27B2ADA800D758FF /* PBXTargetDependency */ = {
			isa = PBXTargetDependency;
			target = 4F450A2027AC8C0800B88E2C /* Bankey */;
			targetProxy = 4F5B354927B2ADA800D758FF /* PBXContainerItemProxy */;
		};
/* End PBXTargetDependency section */

/* Begin PBXVariantGroup section */
		4F450A2F27AC8C0E00B88E2C /* LaunchScreen.storyboard */ = {
			isa = PBXVariantGroup;
			children = (
				4F450A3027AC8C0E00B88E2C /* Base */,
			);
			name = LaunchScreen.storyboard;
			sourceTree = "<group>";
		};
/* End PBXVariantGroup section */

/* Begin XCBuildConfiguration section */
		4F450A3327AC8C0E00B88E2C /* Debug */ = {
			isa = XCBuildConfiguration;
			buildSettings = {
				ALWAYS_SEARCH_USER_PATHS = NO;
				CLANG_ANALYZER_NONNULL = YES;
				CLANG_ANALYZER_NUMBER_OBJECT_CONVERSION = YES_AGGRESSIVE;
				CLANG_CXX_LANGUAGE_STANDARD = "gnu++17";
				CLANG_CXX_LIBRARY = "libc++";
				CLANG_ENABLE_MODULES = YES;
				CLANG_ENABLE_OBJC_ARC = YES;
				CLANG_ENABLE_OBJC_WEAK = YES;
				CLANG_WARN_BLOCK_CAPTURE_AUTORELEASING = YES;
				CLANG_WARN_BOOL_CONVERSION = YES;
				CLANG_WARN_COMMA = YES;
				CLANG_WARN_CONSTANT_CONVERSION = YES;
				CLANG_WARN_DEPRECATED_OBJC_IMPLEMENTATIONS = YES;
				CLANG_WARN_DIRECT_OBJC_ISA_USAGE = YES_ERROR;
				CLANG_WARN_DOCUMENTATION_COMMENTS = YES;
				CLANG_WARN_EMPTY_BODY = YES;
				CLANG_WARN_ENUM_CONVERSION = YES;
				CLANG_WARN_INFINITE_RECURSION = YES;
				CLANG_WARN_INT_CONVERSION = YES;
				CLANG_WARN_NON_LITERAL_NULL_CONVERSION = YES;
				CLANG_WARN_OBJC_IMPLICIT_RETAIN_SELF = YES;
				CLANG_WARN_OBJC_LITERAL_CONVERSION = YES;
				CLANG_WARN_OBJC_ROOT_CLASS = YES_ERROR;
				CLANG_WARN_QUOTED_INCLUDE_IN_FRAMEWORK_HEADER = YES;
				CLANG_WARN_RANGE_LOOP_ANALYSIS = YES;
				CLANG_WARN_STRICT_PROTOTYPES = YES;
				CLANG_WARN_SUSPICIOUS_MOVE = YES;
				CLANG_WARN_UNGUARDED_AVAILABILITY = YES_AGGRESSIVE;
				CLANG_WARN_UNREACHABLE_CODE = YES;
				CLANG_WARN__DUPLICATE_METHOD_MATCH = YES;
				COPY_PHASE_STRIP = NO;
				DEBUG_INFORMATION_FORMAT = dwarf;
				ENABLE_STRICT_OBJC_MSGSEND = YES;
				ENABLE_TESTABILITY = YES;
				GCC_C_LANGUAGE_STANDARD = gnu11;
				GCC_DYNAMIC_NO_PIC = NO;
				GCC_NO_COMMON_BLOCKS = YES;
				GCC_OPTIMIZATION_LEVEL = 0;
				GCC_PREPROCESSOR_DEFINITIONS = (
					"DEBUG=1",
					"$(inherited)",
				);
				GCC_WARN_64_TO_32_BIT_CONVERSION = YES;
				GCC_WARN_ABOUT_RETURN_TYPE = YES_ERROR;
				GCC_WARN_UNDECLARED_SELECTOR = YES;
				GCC_WARN_UNINITIALIZED_AUTOS = YES_AGGRESSIVE;
				GCC_WARN_UNUSED_FUNCTION = YES;
				GCC_WARN_UNUSED_VARIABLE = YES;
				IPHONEOS_DEPLOYMENT_TARGET = 15.0;
				MTL_ENABLE_DEBUG_INFO = INCLUDE_SOURCE;
				MTL_FAST_MATH = YES;
				ONLY_ACTIVE_ARCH = YES;
				SDKROOT = iphoneos;
				SWIFT_ACTIVE_COMPILATION_CONDITIONS = DEBUG;
				SWIFT_OPTIMIZATION_LEVEL = "-Onone";
			};
			name = Debug;
		};
		4F450A3427AC8C0E00B88E2C /* Release */ = {
			isa = XCBuildConfiguration;
			buildSettings = {
				ALWAYS_SEARCH_USER_PATHS = NO;
				CLANG_ANALYZER_NONNULL = YES;
				CLANG_ANALYZER_NUMBER_OBJECT_CONVERSION = YES_AGGRESSIVE;
				CLANG_CXX_LANGUAGE_STANDARD = "gnu++17";
				CLANG_CXX_LIBRARY = "libc++";
				CLANG_ENABLE_MODULES = YES;
				CLANG_ENABLE_OBJC_ARC = YES;
				CLANG_ENABLE_OBJC_WEAK = YES;
				CLANG_WARN_BLOCK_CAPTURE_AUTORELEASING = YES;
				CLANG_WARN_BOOL_CONVERSION = YES;
				CLANG_WARN_COMMA = YES;
				CLANG_WARN_CONSTANT_CONVERSION = YES;
				CLANG_WARN_DEPRECATED_OBJC_IMPLEMENTATIONS = YES;
				CLANG_WARN_DIRECT_OBJC_ISA_USAGE = YES_ERROR;
				CLANG_WARN_DOCUMENTATION_COMMENTS = YES;
				CLANG_WARN_EMPTY_BODY = YES;
				CLANG_WARN_ENUM_CONVERSION = YES;
				CLANG_WARN_INFINITE_RECURSION = YES;
				CLANG_WARN_INT_CONVERSION = YES;
				CLANG_WARN_NON_LITERAL_NULL_CONVERSION = YES;
				CLANG_WARN_OBJC_IMPLICIT_RETAIN_SELF = YES;
				CLANG_WARN_OBJC_LITERAL_CONVERSION = YES;
				CLANG_WARN_OBJC_ROOT_CLASS = YES_ERROR;
				CLANG_WARN_QUOTED_INCLUDE_IN_FRAMEWORK_HEADER = YES;
				CLANG_WARN_RANGE_LOOP_ANALYSIS = YES;
				CLANG_WARN_STRICT_PROTOTYPES = YES;
				CLANG_WARN_SUSPICIOUS_MOVE = YES;
				CLANG_WARN_UNGUARDED_AVAILABILITY = YES_AGGRESSIVE;
				CLANG_WARN_UNREACHABLE_CODE = YES;
				CLANG_WARN__DUPLICATE_METHOD_MATCH = YES;
				COPY_PHASE_STRIP = NO;
				DEBUG_INFORMATION_FORMAT = "dwarf-with-dsym";
				ENABLE_NS_ASSERTIONS = NO;
				ENABLE_STRICT_OBJC_MSGSEND = YES;
				GCC_C_LANGUAGE_STANDARD = gnu11;
				GCC_NO_COMMON_BLOCKS = YES;
				GCC_WARN_64_TO_32_BIT_CONVERSION = YES;
				GCC_WARN_ABOUT_RETURN_TYPE = YES_ERROR;
				GCC_WARN_UNDECLARED_SELECTOR = YES;
				GCC_WARN_UNINITIALIZED_AUTOS = YES_AGGRESSIVE;
				GCC_WARN_UNUSED_FUNCTION = YES;
				GCC_WARN_UNUSED_VARIABLE = YES;
				IPHONEOS_DEPLOYMENT_TARGET = 15.0;
				MTL_ENABLE_DEBUG_INFO = NO;
				MTL_FAST_MATH = YES;
				SDKROOT = iphoneos;
				SWIFT_COMPILATION_MODE = wholemodule;
				SWIFT_OPTIMIZATION_LEVEL = "-O";
				VALIDATE_PRODUCT = YES;
			};
			name = Release;
		};
		4F450A3627AC8C0E00B88E2C /* Debug */ = {
			isa = XCBuildConfiguration;
			buildSettings = {
				ASSETCATALOG_COMPILER_APPICON_NAME = AppIcon;
				ASSETCATALOG_COMPILER_GLOBAL_ACCENT_COLOR_NAME = AccentColor;
				CODE_SIGN_STYLE = Automatic;
				CURRENT_PROJECT_VERSION = 1;
				GENERATE_INFOPLIST_FILE = YES;
				INFOPLIST_FILE = Bankey/Info.plist;
				INFOPLIST_KEY_UIApplicationSupportsIndirectInputEvents = YES;
				INFOPLIST_KEY_UILaunchStoryboardName = LaunchScreen;
				INFOPLIST_KEY_UISupportedInterfaceOrientations_iPad = "UIInterfaceOrientationPortrait UIInterfaceOrientationPortraitUpsideDown UIInterfaceOrientationLandscapeLeft UIInterfaceOrientationLandscapeRight";
				INFOPLIST_KEY_UISupportedInterfaceOrientations_iPhone = "UIInterfaceOrientationPortrait UIInterfaceOrientationLandscapeLeft UIInterfaceOrientationLandscapeRight";
				LD_RUNPATH_SEARCH_PATHS = (
					"$(inherited)",
					"@executable_path/Frameworks",
				);
				MARKETING_VERSION = 1.0;
				PRODUCT_BUNDLE_IDENTIFIER = com.istvantinku.Bankey;
				PRODUCT_NAME = "$(TARGET_NAME)";
				SWIFT_EMIT_LOC_STRINGS = YES;
				SWIFT_VERSION = 5.0;
				TARGETED_DEVICE_FAMILY = "1,2";
			};
			name = Debug;
		};
		4F450A3727AC8C0E00B88E2C /* Release */ = {
			isa = XCBuildConfiguration;
			buildSettings = {
				ASSETCATALOG_COMPILER_APPICON_NAME = AppIcon;
				ASSETCATALOG_COMPILER_GLOBAL_ACCENT_COLOR_NAME = AccentColor;
				CODE_SIGN_STYLE = Automatic;
				CURRENT_PROJECT_VERSION = 1;
				GENERATE_INFOPLIST_FILE = YES;
				INFOPLIST_FILE = Bankey/Info.plist;
				INFOPLIST_KEY_UIApplicationSupportsIndirectInputEvents = YES;
				INFOPLIST_KEY_UILaunchStoryboardName = LaunchScreen;
				INFOPLIST_KEY_UISupportedInterfaceOrientations_iPad = "UIInterfaceOrientationPortrait UIInterfaceOrientationPortraitUpsideDown UIInterfaceOrientationLandscapeLeft UIInterfaceOrientationLandscapeRight";
				INFOPLIST_KEY_UISupportedInterfaceOrientations_iPhone = "UIInterfaceOrientationPortrait UIInterfaceOrientationLandscapeLeft UIInterfaceOrientationLandscapeRight";
				LD_RUNPATH_SEARCH_PATHS = (
					"$(inherited)",
					"@executable_path/Frameworks",
				);
				MARKETING_VERSION = 1.0;
				PRODUCT_BUNDLE_IDENTIFIER = com.istvantinku.Bankey;
				PRODUCT_NAME = "$(TARGET_NAME)";
				SWIFT_EMIT_LOC_STRINGS = YES;
				SWIFT_VERSION = 5.0;
				TARGETED_DEVICE_FAMILY = "1,2";
			};
			name = Release;
		};
		4F5B354C27B2ADA800D758FF /* Debug */ = {
			isa = XCBuildConfiguration;
			buildSettings = {
				BUNDLE_LOADER = "$(TEST_HOST)";
				CLANG_ENABLE_MODULES = YES;
				CODE_SIGN_STYLE = Automatic;
				CURRENT_PROJECT_VERSION = 1;
				GENERATE_INFOPLIST_FILE = YES;
				LD_RUNPATH_SEARCH_PATHS = (
					"$(inherited)",
					"@executable_path/Frameworks",
					"@loader_path/Frameworks",
				);
				MARKETING_VERSION = 1.0;
				PRODUCT_BUNDLE_IDENTIFIER = com.istvantinku.BankeyUnitTests;
				PRODUCT_NAME = "$(TARGET_NAME)";
				SWIFT_EMIT_LOC_STRINGS = NO;
				SWIFT_OPTIMIZATION_LEVEL = "-Onone";
				SWIFT_VERSION = 5.0;
				TARGETED_DEVICE_FAMILY = "1,2";
				TEST_HOST = "$(BUILT_PRODUCTS_DIR)/Bankey.app/Bankey";
			};
			name = Debug;
		};
		4F5B354D27B2ADA800D758FF /* Release */ = {
			isa = XCBuildConfiguration;
			buildSettings = {
				BUNDLE_LOADER = "$(TEST_HOST)";
				CLANG_ENABLE_MODULES = YES;
				CODE_SIGN_STYLE = Automatic;
				CURRENT_PROJECT_VERSION = 1;
				GENERATE_INFOPLIST_FILE = YES;
				LD_RUNPATH_SEARCH_PATHS = (
					"$(inherited)",
					"@executable_path/Frameworks",
					"@loader_path/Frameworks",
				);
				MARKETING_VERSION = 1.0;
				PRODUCT_BUNDLE_IDENTIFIER = com.istvantinku.BankeyUnitTests;
				PRODUCT_NAME = "$(TARGET_NAME)";
				SWIFT_EMIT_LOC_STRINGS = NO;
				SWIFT_VERSION = 5.0;
				TARGETED_DEVICE_FAMILY = "1,2";
				TEST_HOST = "$(BUILT_PRODUCTS_DIR)/Bankey.app/Bankey";
			};
			name = Release;
		};
/* End XCBuildConfiguration section */

/* Begin XCConfigurationList section */
		4F450A1C27AC8C0800B88E2C /* Build configuration list for PBXProject "Bankey" */ = {
			isa = XCConfigurationList;
			buildConfigurations = (
				4F450A3327AC8C0E00B88E2C /* Debug */,
				4F450A3427AC8C0E00B88E2C /* Release */,
			);
			defaultConfigurationIsVisible = 0;
			defaultConfigurationName = Release;
		};
		4F450A3527AC8C0E00B88E2C /* Build configuration list for PBXNativeTarget "Bankey" */ = {
			isa = XCConfigurationList;
			buildConfigurations = (
				4F450A3627AC8C0E00B88E2C /* Debug */,
				4F450A3727AC8C0E00B88E2C /* Release */,
			);
			defaultConfigurationIsVisible = 0;
			defaultConfigurationName = Release;
		};
		4F5B354B27B2ADA800D758FF /* Build configuration list for PBXNativeTarget "BankeyUnitTests" */ = {
			isa = XCConfigurationList;
			buildConfigurations = (
				4F5B354C27B2ADA800D758FF /* Debug */,
				4F5B354D27B2ADA800D758FF /* Release */,
			);
			defaultConfigurationIsVisible = 0;
			defaultConfigurationName = Release;
		};
/* End XCConfigurationList section */
	};
	rootObject = 4F450A1927AC8C0800B88E2C /* Project object */;
}
